
Microsoft Visual Studio Solution File, Format Version 12.00
# Visual Studio Version 17
VisualStudioVersion = 17.4.33122.133
MinimumVisualStudioVersion = 10.0.40219.1
Project("{FAE04EC0-301F-11D3-BF4B-00C04F79EFBC}") = "AN010", "AN010\AN010.csproj", "{D57521D0-2F8F-43EF-A828-83A63DAB2568}"
EndProject
Global
	GlobalSection(SolutionConfigurationPlatforms) = preSolution
		Debug|Any CPU = Debug|Any CPU
		Release|Any CPU = Release|Any CPU
	EndGlobalSection
	GlobalSection(ProjectConfigurationPlatforms) = postSolution
		{D57521D0-2F8F-43EF-A828-83A63DAB2568}.Debug|Any CPU.ActiveCfg = Debug|Any CPU
		{D57521D0-2F8F-43EF-A828-83A63DAB2568}.Debug|Any CPU.Build.0 = Debug|Any CPU
		{D57521D0-2F8F-43EF-A828-83A63DAB2568}.Release|Any CPU.ActiveCfg = Release|Any CPU
		{D57521D0-2F8F-43EF-A828-83A63DAB2568}.Release|Any CPU.Build.0 = Release|Any CPU
	EndGlobalSection
	GlobalSection(SolutionProperties) = preSolution
		HideSolutionNode = FALSE
	EndGlobalSection
	GlobalSection(ExtensibilityGlobals) = postSolution
		SolutionGuid = {1B92FB8A-DBCC-4702-9918-03864A9A0664}
	EndGlobalSection
EndGlobal
