
Microsoft Visual Studio Solution File, Format Version 12.00
# Visual Studio Version 17
VisualStudioVersion = 17.0.31611.283
MinimumVisualStudioVersion = 10.0.40219.1
Project("{9A19103F-16F7-4668-BE54-9A1E7A4F7556}") = "JwtMaui", "JwtMaui\JwtMaui\JwtMaui\JwtMaui.csproj", "{10ED6890-B9BD-4A45-93ED-87FB9ADD6850}"
EndProject
Project("{9A19103F-16F7-4668-BE54-9A1E7A4F7556}") = "DataTransferObjects", "..\Finish\DataTransferObjects\DataTransferObjects.csproj", "{CDA848C1-0363-4B51-AC95-A3BA0AD16891}"
EndProject
Global
	GlobalSection(SolutionConfigurationPlatforms) = preSolution
		Debug|Any CPU = Debug|Any CPU
		Release|Any CPU = Release|Any CPU
	EndGlobalSection
	GlobalSection(ProjectConfigurationPlatforms) = postSolution
		{10ED6890-B9BD-4A45-93ED-87FB9ADD6850}.Debug|Any CPU.ActiveCfg = Debug|Any CPU
		{10ED6890-B9BD-4A45-93ED-87FB9ADD6850}.Debug|Any CPU.Build.0 = Debug|Any CPU
		{10ED6890-B9BD-4A45-93ED-87FB9ADD6850}.Debug|Any CPU.Deploy.0 = Debug|Any CPU
		{10ED6890-B9BD-4A45-93ED-87FB9ADD6850}.Release|Any CPU.ActiveCfg = Release|Any CPU
		{10ED6890-B9BD-4A45-93ED-87FB9ADD6850}.Release|Any CPU.Build.0 = Release|Any CPU
		{10ED6890-B9BD-4A45-93ED-87FB9ADD6850}.Release|Any CPU.Deploy.0 = Release|Any CPU
		{CDA848C1-0363-4B51-AC95-A3BA0AD16891}.Debug|Any CPU.ActiveCfg = Debug|Any CPU
		{CDA848C1-0363-4B51-AC95-A3BA0AD16891}.Debug|Any CPU.Build.0 = Debug|Any CPU
		{CDA848C1-0363-4B51-AC95-A3BA0AD16891}.Release|Any CPU.ActiveCfg = Release|Any CPU
		{CDA848C1-0363-4B51-AC95-A3BA0AD16891}.Release|Any CPU.Build.0 = Release|Any CPU
	EndGlobalSection
	GlobalSection(SolutionProperties) = preSolution
		HideSolutionNode = FALSE
	EndGlobalSection
	GlobalSection(ExtensibilityGlobals) = postSolution
		SolutionGuid = {61F7FB11-1E47-470C-91E2-47F8143E1572}
	EndGlobalSection
EndGlobal
