
Microsoft Visual Studio Solution File, Format Version 12.00
# Visual Studio Version 17
VisualStudioVersion = 17.4.33213.308
MinimumVisualStudioVersion = 10.0.40219.1
Project("{FAE04EC0-301F-11D3-BF4B-00C04F79EFBC}") = "AN016", "AN016\AN016.csproj", "{9A49CF67-7572-4694-9A2A-4F5941287AC5}"
EndProject
Global
	GlobalSection(SolutionConfigurationPlatforms) = preSolution
		Debug|Any CPU = Debug|Any CPU
		Release|Any CPU = Release|Any CPU
	EndGlobalSection
	GlobalSection(ProjectConfigurationPlatforms) = postSolution
		{9A49CF67-7572-4694-9A2A-4F5941287AC5}.Debug|Any CPU.ActiveCfg = Debug|Any CPU
		{9A49CF67-7572-4694-9A2A-4F5941287AC5}.Debug|Any CPU.Build.0 = Debug|Any CPU
		{9A49CF67-7572-4694-9A2A-4F5941287AC5}.Release|Any CPU.ActiveCfg = Release|Any CPU
		{9A49CF67-7572-4694-9A2A-4F5941287AC5}.Release|Any CPU.Build.0 = Release|Any CPU
	EndGlobalSection
	GlobalSection(SolutionProperties) = preSolution
		HideSolutionNode = FALSE
	EndGlobalSection
	GlobalSection(ExtensibilityGlobals) = postSolution
		SolutionGuid = {3C82E7E1-D8B2-4ABB-B3B3-9A246DE1191E}
	EndGlobalSection
EndGlobal
