
Microsoft Visual Studio Solution File, Format Version 12.00
# Visual Studio Version 17
VisualStudioVersion = 17.4.33213.308
MinimumVisualStudioVersion = 10.0.40219.1
Project("{FAE04EC0-301F-11D3-BF4B-00C04F79EFBC}") = "JwtLabSingleProject", "JwtLabSingleProject\JwtLabSingleProject.csproj", "{A83EC53A-9D49-4F48-B514-970CEDD0049D}"
EndProject
Global
	GlobalSection(SolutionConfigurationPlatforms) = preSolution
		Debug|Any CPU = Debug|Any CPU
		Release|Any CPU = Release|Any CPU
	EndGlobalSection
	GlobalSection(ProjectConfigurationPlatforms) = postSolution
		{A83EC53A-9D49-4F48-B514-970CEDD0049D}.Debug|Any CPU.ActiveCfg = Debug|Any CPU
		{A83EC53A-9D49-4F48-B514-970CEDD0049D}.Debug|Any CPU.Build.0 = Debug|Any CPU
		{A83EC53A-9D49-4F48-B514-970CEDD0049D}.Release|Any CPU.ActiveCfg = Release|Any CPU
		{A83EC53A-9D49-4F48-B514-970CEDD0049D}.Release|Any CPU.Build.0 = Release|Any CPU
	EndGlobalSection
	GlobalSection(SolutionProperties) = preSolution
		HideSolutionNode = FALSE
	EndGlobalSection
	GlobalSection(ExtensibilityGlobals) = postSolution
		SolutionGuid = {7ADC5276-B3B2-490B-AB18-67E36100B668}
	EndGlobalSection
EndGlobal
