
Microsoft Visual Studio Solution File, Format Version 12.00
# Visual Studio Version 17
VisualStudioVersion = 17.4.33205.214
MinimumVisualStudioVersion = 10.0.40219.1
Project("{FAE04EC0-301F-11D3-BF4B-00C04F79EFBC}") = "ASPNETCore7", "ASPNETCore7\ASPNETCore7.csproj", "{F36FDC2C-E347-4A5C-9CF5-D142F81BA845}"
EndProject
Global
	GlobalSection(SolutionConfigurationPlatforms) = preSolution
		Debug|Any CPU = Debug|Any CPU
		Release|Any CPU = Release|Any CPU
	EndGlobalSection
	GlobalSection(ProjectConfigurationPlatforms) = postSolution
		{F36FDC2C-E347-4A5C-9CF5-D142F81BA845}.Debug|Any CPU.ActiveCfg = Debug|Any CPU
		{F36FDC2C-E347-4A5C-9CF5-D142F81BA845}.Debug|Any CPU.Build.0 = Debug|Any CPU
		{F36FDC2C-E347-4A5C-9CF5-D142F81BA845}.Release|Any CPU.ActiveCfg = Release|Any CPU
		{F36FDC2C-E347-4A5C-9CF5-D142F81BA845}.Release|Any CPU.Build.0 = Release|Any CPU
	EndGlobalSection
	GlobalSection(SolutionProperties) = preSolution
		HideSolutionNode = FALSE
	EndGlobalSection
	GlobalSection(ExtensibilityGlobals) = postSolution
		SolutionGuid = {AC840E6D-6570-443B-86F2-07153D43BF54}
	EndGlobalSection
EndGlobal
