
Microsoft Visual Studio Solution File, Format Version 12.00
# Visual Studio Version 17
VisualStudioVersion = 17.4.33122.133
MinimumVisualStudioVersion = 10.0.40219.1
Project("{FAE04EC0-301F-11D3-BF4B-00C04F79EFBC}") = "AN008", "AN008\AN008.csproj", "{695053EE-253B-4EE5-A423-346C88EC2ECF}"
EndProject
Global
	GlobalSection(SolutionConfigurationPlatforms) = preSolution
		Debug|Any CPU = Debug|Any CPU
		Release|Any CPU = Release|Any CPU
	EndGlobalSection
	GlobalSection(ProjectConfigurationPlatforms) = postSolution
		{695053EE-253B-4EE5-A423-346C88EC2ECF}.Debug|Any CPU.ActiveCfg = Debug|Any CPU
		{695053EE-253B-4EE5-A423-346C88EC2ECF}.Debug|Any CPU.Build.0 = Debug|Any CPU
		{695053EE-253B-4EE5-A423-346C88EC2ECF}.Release|Any CPU.ActiveCfg = Release|Any CPU
		{695053EE-253B-4EE5-A423-346C88EC2ECF}.Release|Any CPU.Build.0 = Release|Any CPU
	EndGlobalSection
	GlobalSection(SolutionProperties) = preSolution
		HideSolutionNode = FALSE
	EndGlobalSection
	GlobalSection(ExtensibilityGlobals) = postSolution
		SolutionGuid = {367B5B60-293B-49FF-A1B1-A5C3B429E9CE}
	EndGlobalSection
EndGlobal
