
Microsoft Visual Studio Solution File, Format Version 12.00
# Visual Studio Version 17
VisualStudioVersion = 17.4.33205.214
MinimumVisualStudioVersion = 10.0.40219.1
Project("{FAE04EC0-301F-11D3-BF4B-00C04F79EFBC}") = "ASPNETCore7", "ASPNETCore7\ASPNETCore7.csproj", "{7DB82023-B222-4B3A-B3CF-3E2CFFEFFA63}"
EndProject
Global
	GlobalSection(SolutionConfigurationPlatforms) = preSolution
		Debug|Any CPU = Debug|Any CPU
		Release|Any CPU = Release|Any CPU
	EndGlobalSection
	GlobalSection(ProjectConfigurationPlatforms) = postSolution
		{7DB82023-B222-4B3A-B3CF-3E2CFFEFFA63}.Debug|Any CPU.ActiveCfg = Debug|Any CPU
		{7DB82023-B222-4B3A-B3CF-3E2CFFEFFA63}.Debug|Any CPU.Build.0 = Debug|Any CPU
		{7DB82023-B222-4B3A-B3CF-3E2CFFEFFA63}.Release|Any CPU.ActiveCfg = Release|Any CPU
		{7DB82023-B222-4B3A-B3CF-3E2CFFEFFA63}.Release|Any CPU.Build.0 = Release|Any CPU
	EndGlobalSection
	GlobalSection(SolutionProperties) = preSolution
		HideSolutionNode = FALSE
	EndGlobalSection
	GlobalSection(ExtensibilityGlobals) = postSolution
		SolutionGuid = {A1968667-C9ED-4A7E-AE5D-6FD14CA93196}
	EndGlobalSection
EndGlobal
