
Microsoft Visual Studio Solution File, Format Version 12.00
# Visual Studio Version 17
VisualStudioVersion = 17.4.33122.133
MinimumVisualStudioVersion = 10.0.40219.1
Project("{FAE04EC0-301F-11D3-BF4B-00C04F79EFBC}") = "AN007", "AN007\AN007.csproj", "{A9A4C39A-2048-411C-99FD-097A870964C7}"
EndProject
Global
	GlobalSection(SolutionConfigurationPlatforms) = preSolution
		Debug|Any CPU = Debug|Any CPU
		Release|Any CPU = Release|Any CPU
	EndGlobalSection
	GlobalSection(ProjectConfigurationPlatforms) = postSolution
		{A9A4C39A-2048-411C-99FD-097A870964C7}.Debug|Any CPU.ActiveCfg = Debug|Any CPU
		{A9A4C39A-2048-411C-99FD-097A870964C7}.Debug|Any CPU.Build.0 = Debug|Any CPU
		{A9A4C39A-2048-411C-99FD-097A870964C7}.Release|Any CPU.ActiveCfg = Release|Any CPU
		{A9A4C39A-2048-411C-99FD-097A870964C7}.Release|Any CPU.Build.0 = Release|Any CPU
	EndGlobalSection
	GlobalSection(SolutionProperties) = preSolution
		HideSolutionNode = FALSE
	EndGlobalSection
	GlobalSection(ExtensibilityGlobals) = postSolution
		SolutionGuid = {EDA0AAA3-1489-4E03-A057-5D50546171EA}
	EndGlobalSection
EndGlobal
